{
  "name": "bleadvparse",
  "version": "1.0.0",
  "lockfileVersion": 1,
  "requires": true,
  "dependencies": {
    "bleadvertise": {
      "version": "0.1.1",
      "resolved": "https://registry.npmjs.org/bleadvertise/-/bleadvertise-0.1.1.tgz",
      "integrity": "sha1-zmQ5jzKewtuqYFy0suyN7T0fYAo="
    }
  }
}
